// !$*UTF8*$!
{
	archiveVersion = 1;
	classes = {
	};
	objectVersion = 46;
	objects = {

/* Begin PBXBuildFile section */
		BFEC998B14A4332000CED753 /* Icon.png in Resources */ = {isa = PBXBuildFile; fileRef = BFEC998A14A4332000CED753 /* Icon.png */; };
		BFEC998E14A4333700CED753 /* Icon@2x.png in Resources */ = {isa = PBXBuildFile; fileRef = BFEC998D14A4333700CED753 /* Icon@2x.png */; };
		BFEE7DBF149765D300F2B6B0 /* UIKit.framework in Frameworks */ = {isa = PBXBuildFile; fileRef = BFEE7DBE149765D300F2B6B0 /* UIKit.framework */; };
		BFEE7DC1149765D300F2B6B0 /* Foundation.framework in Frameworks */ = {isa = PBXBuildFile; fileRef = BFEE7DC0149765D300F2B6B0 /* Foundation.framework */; };
		BFEE7DC3149765D300F2B6B0 /* CoreGraphics.framework in Frameworks */ = {isa = PBXBuildFile; fileRef = BFEE7DC2149765D300F2B6B0 /* CoreGraphics.framework */; };
		BFEE7DC9149765D400F2B6B0 /* InfoPlist.strings in Resources */ = {isa = PBXBuildFile; fileRef = BFEE7DC7149765D400F2B6B0 /* InfoPlist.strings */; };
		BFEE7DCB149765D400F2B6B0 /* main.m in Sources */ = {isa = PBXBuildFile; fileRef = BFEE7DCA149765D400F2B6B0 /* main.m */; };
		BFEE7DCF149765D400F2B6B0 /* AppDelegate.m in Sources */ = {isa = PBXBuildFile; fileRef = BFEE7DCE149765D400F2B6B0 /* AppDelegate.m */; };
		BFEE7DD2149765D400F2B6B0 /* MainStoryboard.storyboard in Resources */ = {isa = PBXBuildFile; fileRef = BFEE7DD0149765D400F2B6B0 /* MainStoryboard.storyboard */; };
		BFEE7DD5149765D400F2B6B0 /* ViewController.m in Sources */ = {isa = PBXBuildFile; fileRef = BFEE7DD4149765D400F2B6B0 /* ViewController.m */; };
		BFEE7DDD1498782100F2B6B0 /* CalculatorBrain.m in Sources */ = {isa = PBXBuildFile; fileRef = BFEE7DDC1498782100F2B6B0 /* CalculatorBrain.m */; };
/* End PBXBuildFile section */

/* Begin PBXFileReference section */
		BFEC998A14A4332000CED753 /* Icon.png */ = {isa = PBXFileReference; lastKnownFileType = image.png; path = Icon.png; sourceTree = "<group>"; };
		BFEC998D14A4333700CED753 /* Icon@2x.png */ = {isa = PBXFileReference; lastKnownFileType = image.png; path = "Icon@2x.png"; sourceTree = "<group>"; };
		BFEE7DBA149765D300F2B6B0 /* RPN_Calculator.app */ = {isa = PBXFileReference; explicitFileType = wrapper.application; includeInIndex = 0; path = RPN_Calculator.app; sourceTree = BUILT_PRODUCTS_DIR; };
		BFEE7DBE149765D300F2B6B0 /* UIKit.framework */ = {isa = PBXFileReference; lastKnownFileType = wrapper.framework; name = UIKit.framework; path = System/Library/Frameworks/UIKit.framework; sourceTree = SDKROOT; };
		BFEE7DC0149765D300F2B6B0 /* Foundation.framework */ = {isa = PBXFileReference; lastKnownFileType = wrapper.framework; name = Foundation.framework; path = System/Library/Frameworks/Foundation.framework; sourceTree = SDKROOT; };
		BFEE7DC2149765D300F2B6B0 /* CoreGraphics.framework */ = {isa = PBXFileReference; lastKnownFileType = wrapper.framework; name = CoreGraphics.framework; path = System/Library/Frameworks/CoreGraphics.framework; sourceTree = SDKROOT; };
		BFEE7DC6149765D400F2B6B0 /* RPN_Calculator-Info.plist */ = {isa = PBXFileReference; lastKnownFileType = text.plist.xml; path = "RPN_Calculator-Info.plist"; sourceTree = "<group>"; };
		BFEE7DC8149765D400F2B6B0 /* en */ = {isa = PBXFileReference; lastKnownFileType = text.plist.strings; name = en; path = en.lproj/InfoPlist.strings; sourceTree = "<group>"; };
		BFEE7DCA149765D400F2B6B0 /* main.m */ = {isa = PBXFileReference; lastKnownFileType = sourcecode.c.objc; path = main.m; sourceTree = "<group>"; };
		BFEE7DCC149765D400F2B6B0 /* RPN_Calculator-Prefix.pch */ = {isa = PBXFileReference; lastKnownFileType = sourcecode.c.h; path = "RPN_Calculator-Prefix.pch"; sourceTree = "<group>"; };
		BFEE7DCD149765D400F2B6B0 /* AppDelegate.h */ = {isa = PBXFileReference; lastKnownFileType = sourcecode.c.h; path = AppDelegate.h; sourceTree = "<group>"; };
		BFEE7DCE149765D400F2B6B0 /* AppDelegate.m */ = {isa = PBXFileReference; lastKnownFileType = sourcecode.c.objc; path = AppDelegate.m; sourceTree = "<group>"; };
		BFEE7DD1149765D400F2B6B0 /* en */ = {isa = PBXFileReference; lastKnownFileType = file.storyboard; name = en; path = en.lproj/MainStoryboard.storyboard; sourceTree = "<group>"; };
		BFEE7DD3149765D400F2B6B0 /* ViewController.h */ = {isa = PBXFileReference; lastKnownFileType = sourcecode.c.h; path = ViewController.h; sourceTree = "<group>"; };
		BFEE7DD4149765D400F2B6B0 /* ViewController.m */ = {isa = PBXFileReference; lastKnownFileType = sourcecode.c.objc; path = ViewController.m; sourceTree = "<group>"; };
		BFEE7DDB1498782100F2B6B0 /* CalculatorBrain.h */ = {isa = PBXFileReference; fileEncoding = 4; lastKnownFileType = sourcecode.c.h; path = CalculatorBrain.h; sourceTree = "<group>"; };
		BFEE7DDC1498782100F2B6B0 /* CalculatorBrain.m */ = {isa = PBXFileReference; fileEncoding = 4; lastKnownFileType = sourcecode.c.objc; path = CalculatorBrain.m; sourceTree = "<group>"; };
/* End PBXFileReference section */

/* Begin PBXFrameworksBuildPhase section */
		BFEE7DB7149765D300F2B6B0 /* Frameworks */ = {
			isa = PBXFrameworksBuildPhase;
			buildActionMask = 2147483647;
			files = (
				BFEE7DBF149765D300F2B6B0 /* UIKit.framework in Frameworks */,
				BFEE7DC1149765D300F2B6B0 /* Foundation.framework in Frameworks */,
				BFEE7DC3149765D300F2B6B0 /* CoreGraphics.framework in Frameworks */,
			);
			runOnlyForDeploymentPostprocessing = 0;
		};
/* End PBXFrameworksBuildPhase section */

/* Begin PBXGroup section */
		BFEE7DAF149765D300F2B6B0 = {
			isa = PBXGroup;
			children = (
				BFEC998D14A4333700CED753 /* Icon@2x.png */,
				BFEC998A14A4332000CED753 /* Icon.png */,
				BFEE7DC4149765D400F2B6B0 /* RPN_Calculator */,
				BFEE7DBD149765D300F2B6B0 /* Frameworks */,
				BFEE7DBB149765D300F2B6B0 /* Products */,
			);
			sourceTree = "<group>";
		};
		BFEE7DBB149765D300F2B6B0 /* Products */ = {
			isa = PBXGroup;
			children = (
				BFEE7DBA149765D300F2B6B0 /* RPN_Calculator.app */,
			);
			name = Products;
			sourceTree = "<group>";
		};
		BFEE7DBD149765D300F2B6B0 /* Frameworks */ = {
			isa = PBXGroup;
			children = (
				BFEE7DBE149765D300F2B6B0 /* UIKit.framework */,
				BFEE7DC0149765D300F2B6B0 /* Foundation.framework */,
				BFEE7DC2149765D300F2B6B0 /* CoreGraphics.framework */,
			);
			name = Frameworks;
			sourceTree = "<group>";
		};
		BFEE7DC4149765D400F2B6B0 /* RPN_Calculator */ = {
			isa = PBXGroup;
			children = (
				BFEE7DCD149765D400F2B6B0 /* AppDelegate.h */,
				BFEE7DCE149765D400F2B6B0 /* AppDelegate.m */,
				BFEE7DD0149765D400F2B6B0 /* MainStoryboard.storyboard */,
				BFEE7DDB1498782100F2B6B0 /* CalculatorBrain.h */,
				BFEE7DDC1498782100F2B6B0 /* CalculatorBrain.m */,
				BFEE7DD3149765D400F2B6B0 /* ViewController.h */,
				BFEE7DD4149765D400F2B6B0 /* ViewController.m */,
				BFEE7DC5149765D400F2B6B0 /* Supporting Files */,
			);
			path = RPN_Calculator;
			sourceTree = "<group>";
		};
		BFEE7DC5149765D400F2B6B0 /* Supporting Files */ = {
			isa = PBXGroup;
			children = (
				BFEE7DC6149765D400F2B6B0 /* RPN_Calculator-Info.plist */,
				BFEE7DC7149765D400F2B6B0 /* InfoPlist.strings */,
				BFEE7DCA149765D400F2B6B0 /* main.m */,
				BFEE7DCC149765D400F2B6B0 /* RPN_Calculator-Prefix.pch */,
			);
			name = "Supporting Files";
			sourceTree = "<group>";
		};
/* End PBXGroup section */

/* Begin PBXNativeTarget section */
		BFEE7DB9149765D300F2B6B0 /* RPN_Calculator */ = {
			isa = PBXNativeTarget;
			buildConfigurationList = BFEE7DD8149765D400F2B6B0 /* Build configuration list for PBXNativeTarget "RPN_Calculator" */;
			buildPhases = (
				BFEE7DB6149765D300F2B6B0 /* Sources */,
				BFEE7DB7149765D300F2B6B0 /* Frameworks */,
				BFEE7DB8149765D300F2B6B0 /* Resources */,
			);
			buildRules = (
			);
			dependencies = (
			);
			name = RPN_Calculator;
			productName = RPN_Calculator;
			productReference = BFEE7DBA149765D300F2B6B0 /* RPN_Calculator.app */;
			productType = "com.apple.product-type.application";
		};
/* End PBXNativeTarget section */

/* Begin PBXProject section */
		BFEE7DB1149765D300F2B6B0 /* Project object */ = {
			isa = PBXProject;
			attributes = {
				LastUpgradeCheck = 0430;
				ORGANIZATIONNAME = "Zendata Pty Ltd";
			};
			buildConfigurationList = BFEE7DB4149765D300F2B6B0 /* Build configuration list for PBXProject "RPN_Calculator" */;
			compatibilityVersion = "Xcode 3.2";
			developmentRegion = English;
			hasScannedForEncodings = 0;
			knownRegions = (
				en,
			);
			mainGroup = BFEE7DAF149765D300F2B6B0;
			productRefGroup = BFEE7DBB149765D300F2B6B0 /* Products */;
			projectDirPath = "";
			projectRoot = "";
			targets = (
				BFEE7DB9149765D300F2B6B0 /* RPN_Calculator */,
			);
		};
/* End PBXProject section */

/* Begin PBXResourcesBuildPhase section */
		BFEE7DB8149765D300F2B6B0 /* Resources */ = {
			isa = PBXResourcesBuildPhase;
			buildActionMask = 2147483647;
			files = (
				BFEE7DC9149765D400F2B6B0 /* InfoPlist.strings in Resources */,
				BFEE7DD2149765D400F2B6B0 /* MainStoryboard.storyboard in Resources */,
				BFEC998B14A4332000CED753 /* Icon.png in Resources */,
				BFEC998E14A4333700CED753 /* Icon@2x.png in Resources */,
			);
			runOnlyForDeploymentPostprocessing = 0;
		};
/* End PBXResourcesBuildPhase section */

/* Begin PBXSourcesBuildPhase section */
		BFEE7DB6149765D300F2B6B0 /* Sources */ = {
			isa = PBXSourcesBuildPhase;
			buildActionMask = 2147483647;
			files = (
				BFEE7DCB149765D400F2B6B0 /* main.m in Sources */,
				BFEE7DCF149765D400F2B6B0 /* AppDelegate.m in Sources */,
				BFEE7DD5149765D400F2B6B0 /* ViewController.m in Sources */,
				BFEE7DDD1498782100F2B6B0 /* CalculatorBrain.m in Sources */,
			);
			runOnlyForDeploymentPostprocessing = 0;
		};
/* End PBXSourcesBuildPhase section */

/* Begin PBXVariantGroup section */
		BFEE7DC7149765D400F2B6B0 /* InfoPlist.strings */ = {
			isa = PBXVariantGroup;
			children = (
				BFEE7DC8149765D400F2B6B0 /* en */,
			);
			name = InfoPlist.strings;
			sourceTree = "<group>";
		};
		BFEE7DD0149765D400F2B6B0 /* MainStoryboard.storyboard */ = {
			isa = PBXVariantGroup;
			children = (
				BFEE7DD1149765D400F2B6B0 /* en */,
			);
			name = MainStoryboard.storyboard;
			sourceTree = "<group>";
		};
/* End PBXVariantGroup section */

/* Begin XCBuildConfiguration section */
		BFEE7DD6149765D400F2B6B0 /* Debug */ = {
			isa = XCBuildConfiguration;
			buildSettings = {
				ALWAYS_SEARCH_USER_PATHS = NO;
				ARCHS = "$(ARCHS_STANDARD_32_BIT)";
				CLANG_ENABLE_OBJC_ARC = YES;
				"CODE_SIGN_IDENTITY[sdk=iphoneos*]" = "iPhone Developer";
				COPY_PHASE_STRIP = NO;
				GCC_C_LANGUAGE_STANDARD = gnu99;
				GCC_DYNAMIC_NO_PIC = NO;
				GCC_OPTIMIZATION_LEVEL = 0;
				GCC_PREPROCESSOR_DEFINITIONS = (
					"DEBUG=1",
					"$(inherited)",
				);
				GCC_SYMBOLS_PRIVATE_EXTERN = NO;
				GCC_VERSION = com.apple.compilers.llvm.clang.1_0;
				GCC_WARN_ABOUT_MISSING_PROTOTYPES = YES;
				GCC_WARN_ABOUT_RETURN_TYPE = YES;
				GCC_WARN_UNUSED_VARIABLE = YES;
				IPHONEOS_DEPLOYMENT_TARGET = 5.0;
				SDKROOT = iphoneos;
			};
			name = Debug;
		};
		BFEE7DD7149765D400F2B6B0 /* Release */ = {
			isa = XCBuildConfiguration;
			buildSettings = {
				ALWAYS_SEARCH_USER_PATHS = NO;
				ARCHS = "$(ARCHS_STANDARD_32_BIT)";
				CLANG_ENABLE_OBJC_ARC = YES;
				"CODE_SIGN_IDENTITY[sdk=iphoneos*]" = "iPhone Developer";
				COPY_PHASE_STRIP = YES;
				GCC_C_LANGUAGE_STANDARD = gnu99;
				GCC_VERSION = com.apple.compilers.llvm.clang.1_0;
				GCC_WARN_ABOUT_MISSING_PROTOTYPES = YES;
				GCC_WARN_ABOUT_RETURN_TYPE = YES;
				GCC_WARN_UNUSED_VARIABLE = YES;
				IPHONEOS_DEPLOYMENT_TARGET = 5.0;
				OTHER_CFLAGS = "-DNS_BLOCK_ASSERTIONS=1";
				SDKROOT = iphoneos;
				VALIDATE_PRODUCT = YES;
			};
			name = Release;
		};
		BFEE7DD9149765D400F2B6B0 /* Debug */ = {
			isa = XCBuildConfiguration;
			buildSettings = {
				GCC_PRECOMPILE_PREFIX_HEADER = YES;
				GCC_PREFIX_HEADER = "RPN_Calculator/RPN_Calculator-Prefix.pch";
				INFOPLIST_FILE = "RPN_Calculator/RPN_Calculator-Info.plist";
				PRODUCT_NAME = "$(TARGET_NAME)";
				WRAPPER_EXTENSION = app;
			};
			name = Debug;
		};
		BFEE7DDA149765D400F2B6B0 /* Release */ = {
			isa = XCBuildConfiguration;
			buildSettings = {
				GCC_PRECOMPILE_PREFIX_HEADER = YES;
				GCC_PREFIX_HEADER = "RPN_Calculator/RPN_Calculator-Prefix.pch";
				INFOPLIST_FILE = "RPN_Calculator/RPN_Calculator-Info.plist";
				PRODUCT_NAME = "$(TARGET_NAME)";
				WRAPPER_EXTENSION = app;
			};
			name = Release;
		};
/* End XCBuildConfiguration section */

/* Begin XCConfigurationList section */
		BFEE7DB4149765D300F2B6B0 /* Build configuration list for PBXProject "RPN_Calculator" */ = {
			isa = XCConfigurationList;
			buildConfigurations = (
				BFEE7DD6149765D400F2B6B0 /* Debug */,
				BFEE7DD7149765D400F2B6B0 /* Release */,
			);
			defaultConfigurationIsVisible = 0;
			defaultConfigurationName = Release;
		};
		BFEE7DD8149765D400F2B6B0 /* Build configuration list for PBXNativeTarget "RPN_Calculator" */ = {
			isa = XCConfigurationList;
			buildConfigurations = (
				BFEE7DD9149765D400F2B6B0 /* Debug */,
				BFEE7DDA149765D400F2B6B0 /* Release */,
			);
			defaultConfigurationIsVisible = 0;
			defaultConfigurationName = Release;
		};
/* End XCConfigurationList section */
	};
	rootObject = BFEE7DB1149765D300F2B6B0 /* Project object */;
}
